// !$*UTF8*$!
{
	archiveVersion = 1;
	classes = {
	};
	objectVersion = 56;
	objects = {

/* Begin PBXBuildFile section */
		0906B6932C0DBE530020F9D7 /* MarkdownUI in Frameworks */ = {isa = PBXBuildFile; productRef = 0906B6922C0DBE530020F9D7 /* MarkdownUI */; };
		091D7A372C0D9268008E44E9 /* ShowType.swift in Sources */ = {isa = PBXBuildFile; fileRef = 091D7A362C0D9268008E44E9 /* ShowType.swift */; };
		09654F612BEE1AB400FCBB05 /* FileViewModel.swift in Sources */ = {isa = PBXBuildFile; fileRef = 09654F602BEE1AB400FCBB05 /* FileViewModel.swift */; };
		0999C5F42BEF44D300766F22 /* ReadMeDocument.swift in Sources */ = {isa = PBXBuildFile; fileRef = 0999C5F32BEF44D300766F22 /* ReadMeDocument.swift */; };
		09F7666B2BECB876003F7423 /* MarkdownEditorApp.swift in Sources */ = {isa = PBXBuildFile; fileRef = 09F7666A2BECB876003F7423 /* MarkdownEditorApp.swift */; };
		09F7666D2BECB876003F7423 /* ContentView.swift in Sources */ = {isa = PBXBuildFile; fileRef = 09F7666C2BECB876003F7423 /* ContentView.swift */; };
		09F7666F2BECB876003F7423 /* Assets.xcassets in Resources */ = {isa = PBXBuildFile; fileRef = 09F7666E2BECB876003F7423 /* Assets.xcassets */; };
		09F766732BECB876003F7423 /* Preview Assets.xcassets in Resources */ = {isa = PBXBuildFile; fileRef = 09F766722BECB876003F7423 /* Preview Assets.xcassets */; };
		09F7667D2BECB876003F7423 /* MarkdownEditorTests.swift in Sources */ = {isa = PBXBuildFile; fileRef = 09F7667C2BECB876003F7423 /* MarkdownEditorTests.swift */; };
		09F766872BECB876003F7423 /* MarkdownEditorUITests.swift in Sources */ = {isa = PBXBuildFile; fileRef = 09F766862BECB876003F7423 /* MarkdownEditorUITests.swift */; };
		09F766892BECB876003F7423 /* MarkdownEditorUITestsLaunchTests.swift in Sources */ = {isa = PBXBuildFile; fileRef = 09F766882BECB876003F7423 /* MarkdownEditorUITestsLaunchTests.swift */; };
/* End PBXBuildFile section */

/* Begin PBXContainerItemProxy section */
		09F766792BECB876003F7423 /* PBXContainerItemProxy */ = {
			isa = PBXContainerItemProxy;
			containerPortal = 09F7665F2BECB875003F7423 /* Project object */;
			proxyType = 1;
			remoteGlobalIDString = 09F766662BECB876003F7423;
			remoteInfo = MarkdownEditor;
		};
		09F766832BECB876003F7423 /* PBXContainerItemProxy */ = {
			isa = PBXContainerItemProxy;
			containerPortal = 09F7665F2BECB875003F7423 /* Project object */;
			proxyType = 1;
			remoteGlobalIDString = 09F766662BECB876003F7423;
			remoteInfo = MarkdownEditor;
		};
/* End PBXContainerItemProxy section */

/* Begin PBXFileReference section */
		091D7A362C0D9268008E44E9 /* ShowType.swift */ = {isa = PBXFileReference; lastKnownFileType = sourcecode.swift; path = ShowType.swift; sourceTree = "<group>"; };
		09654F602BEE1AB400FCBB05 /* FileViewModel.swift */ = {isa = PBXFileReference; lastKnownFileType = sourcecode.swift; path = FileViewModel.swift; sourceTree = "<group>"; };
		0999C5F32BEF44D300766F22 /* ReadMeDocument.swift */ = {isa = PBXFileReference; lastKnownFileType = sourcecode.swift; path = ReadMeDocument.swift; sourceTree = "<group>"; };
		09F766672BECB876003F7423 /* MarkdownEditor.app */ = {isa = PBXFileReference; explicitFileType = wrapper.application; includeInIndex = 0; path = MarkdownEditor.app; sourceTree = BUILT_PRODUCTS_DIR; };
		09F7666A2BECB876003F7423 /* MarkdownEditorApp.swift */ = {isa = PBXFileReference; lastKnownFileType = sourcecode.swift; path = MarkdownEditorApp.swift; sourceTree = "<group>"; };
		09F7666C2BECB876003F7423 /* ContentView.swift */ = {isa = PBXFileReference; lastKnownFileType = sourcecode.swift; path = ContentView.swift; sourceTree = "<group>"; };
		09F7666E2BECB876003F7423 /* Assets.xcassets */ = {isa = PBXFileReference; lastKnownFileType = folder.assetcatalog; path = Assets.xcassets; sourceTree = "<group>"; };
		09F766702BECB876003F7423 /* MarkdownEditor.entitlements */ = {isa = PBXFileReference; lastKnownFileType = text.plist.entitlements; path = MarkdownEditor.entitlements; sourceTree = "<group>"; };
		09F766722BECB876003F7423 /* Preview Assets.xcassets */ = {isa = PBXFileReference; lastKnownFileType = folder.assetcatalog; path = "Preview Assets.xcassets"; sourceTree = "<group>"; };
		09F766782BECB876003F7423 /* MarkdownEditorTests.xctest */ = {isa = PBXFileReference; explicitFileType = wrapper.cfbundle; includeInIndex = 0; path = MarkdownEditorTests.xctest; sourceTree = BUILT_PRODUCTS_DIR; };
		09F7667C2BECB876003F7423 /* MarkdownEditorTests.swift */ = {isa = PBXFileReference; lastKnownFileType = sourcecode.swift; path = MarkdownEditorTests.swift; sourceTree = "<group>"; };
		09F766822BECB876003F7423 /* MarkdownEditorUITests.xctest */ = {isa = PBXFileReference; explicitFileType = wrapper.cfbundle; includeInIndex = 0; path = MarkdownEditorUITests.xctest; sourceTree = BUILT_PRODUCTS_DIR; };
		09F766862BECB876003F7423 /* MarkdownEditorUITests.swift */ = {isa = PBXFileReference; lastKnownFileType = sourcecode.swift; path = MarkdownEditorUITests.swift; sourceTree = "<group>"; };
		09F766882BECB876003F7423 /* MarkdownEditorUITestsLaunchTests.swift */ = {isa = PBXFileReference; lastKnownFileType = sourcecode.swift; path = MarkdownEditorUITestsLaunchTests.swift; sourceTree = "<group>"; };
/* End PBXFileReference section */

/* Begin PBXFrameworksBuildPhase section */
		09F766642BECB876003F7423 /* Frameworks */ = {
			isa = PBXFrameworksBuildPhase;
			buildActionMask = 2147483647;
			files = (
				0906B6932C0DBE530020F9D7 /* MarkdownUI in Frameworks */,
			);
			runOnlyForDeploymentPostprocessing = 0;
		};
		09F766752BECB876003F7423 /* Frameworks */ = {
			isa = PBXFrameworksBuildPhase;
			buildActionMask = 2147483647;
			files = (
			);
			runOnlyForDeploymentPostprocessing = 0;
		};
		09F7667F2BECB876003F7423 /* Frameworks */ = {
			isa = PBXFrameworksBuildPhase;
			buildActionMask = 2147483647;
			files = (
			);
			runOnlyForDeploymentPostprocessing = 0;
		};
/* End PBXFrameworksBuildPhase section */

/* Begin PBXGroup section */
		0999C5F52BEF44D700766F22 /* Model */ = {
			isa = PBXGroup;
			children = (
				0999C5F32BEF44D300766F22 /* ReadMeDocument.swift */,
				09654F602BEE1AB400FCBB05 /* FileViewModel.swift */,
			);
			path = Model;
			sourceTree = "<group>";
		};
		09F7665E2BECB875003F7423 = {
			isa = PBXGroup;
			children = (
				09F766692BECB876003F7423 /* MarkdownEditor */,
				09F7667B2BECB876003F7423 /* MarkdownEditorTests */,
				09F766852BECB876003F7423 /* MarkdownEditorUITests */,
				09F766682BECB876003F7423 /* Products */,
			);
			sourceTree = "<group>";
		};
		09F766682BECB876003F7423 /* Products */ = {
			isa = PBXGroup;
			children = (
				09F766672BECB876003F7423 /* MarkdownEditor.app */,
				09F766782BECB876003F7423 /* MarkdownEditorTests.xctest */,
				09F766822BECB876003F7423 /* MarkdownEditorUITests.xctest */,
			);
			name = Products;
			sourceTree = "<group>";
		};
		09F766692BECB876003F7423 /* MarkdownEditor */ = {
			isa = PBXGroup;
			children = (
				09F7666A2BECB876003F7423 /* MarkdownEditorApp.swift */,
				0999C5F52BEF44D700766F22 /* Model */,
				09F7666C2BECB876003F7423 /* ContentView.swift */,
				091D7A362C0D9268008E44E9 /* ShowType.swift */,
				09F7666E2BECB876003F7423 /* Assets.xcassets */,
				09F766702BECB876003F7423 /* MarkdownEditor.entitlements */,
				09F766712BECB876003F7423 /* Preview Content */,
			);
			path = MarkdownEditor;
			sourceTree = "<group>";
		};
		09F766712BECB876003F7423 /* Preview Content */ = {
			isa = PBXGroup;
			children = (
				09F766722BECB876003F7423 /* Preview Assets.xcassets */,
			);
			path = "Preview Content";
			sourceTree = "<group>";
		};
		09F7667B2BECB876003F7423 /* MarkdownEditorTests */ = {
			isa = PBXGroup;
			children = (
				09F7667C2BECB876003F7423 /* MarkdownEditorTests.swift */,
			);
			path = MarkdownEditorTests;
			sourceTree = "<group>";
		};
		09F766852BECB876003F7423 /* MarkdownEditorUITests */ = {
			isa = PBXGroup;
			children = (
				09F766862BECB876003F7423 /* MarkdownEditorUITests.swift */,
				09F766882BECB876003F7423 /* MarkdownEditorUITestsLaunchTests.swift */,
			);
			path = MarkdownEditorUITests;
			sourceTree = "<group>";
		};
/* End PBXGroup section */

/* Begin PBXNativeTarget section */
		09F766662BECB876003F7423 /* MarkdownEditor */ = {
			isa = PBXNativeTarget;
			buildConfigurationList = 09F7668C2BECB876003F7423 /* Build configuration list for PBXNativeTarget "MarkdownEditor" */;
			buildPhases = (
				09F766632BECB876003F7423 /* Sources */,
				09F766642BECB876003F7423 /* Frameworks */,
				09F766652BECB876003F7423 /* Resources */,
			);
			buildRules = (
			);
			dependencies = (
			);
			name = MarkdownEditor;
			packageProductDependencies = (
				0906B6922C0DBE530020F9D7 /* MarkdownUI */,
			);
			productName = MarkdownEditor;
			productReference = 09F766672BECB876003F7423 /* MarkdownEditor.app */;
			productType = "com.apple.product-type.application";
		};
		09F766772BECB876003F7423 /* MarkdownEditorTests */ = {
			isa = PBXNativeTarget;
			buildConfigurationList = 09F7668F2BECB876003F7423 /* Build configuration list for PBXNativeTarget "MarkdownEditorTests" */;
			buildPhases = (
				09F766742BECB876003F7423 /* Sources */,
				09F766752BECB876003F7423 /* Frameworks */,
				09F766762BECB876003F7423 /* Resources */,
			);
			buildRules = (
			);
			dependencies = (
				09F7667A2BECB876003F7423 /* PBXTargetDependency */,
			);
			name = MarkdownEditorTests;
			productName = MarkdownEditorTests;
			productReference = 09F766782BECB876003F7423 /* MarkdownEditorTests.xctest */;
			productType = "com.apple.product-type.bundle.unit-test";
		};
		09F766812BECB876003F7423 /* MarkdownEditorUITests */ = {
			isa = PBXNativeTarget;
			buildConfigurationList = 09F766922BECB876003F7423 /* Build configuration list for PBXNativeTarget "MarkdownEditorUITests" */;
			buildPhases = (
				09F7667E2BECB876003F7423 /* Sources */,
				09F7667F2BECB876003F7423 /* Frameworks */,
				09F766802BECB876003F7423 /* Resources */,
			);
			buildRules = (
			);
			dependencies = (
				09F766842BECB876003F7423 /* PBXTargetDependency */,
			);
			name = MarkdownEditorUITests;
			productName = MarkdownEditorUITests;
			productReference = 09F766822BECB876003F7423 /* MarkdownEditorUITests.xctest */;
			productType = "com.apple.product-type.bundle.ui-testing";
		};
/* End PBXNativeTarget section */

/* Begin PBXProject section */
		09F7665F2BECB875003F7423 /* Project object */ = {
			isa = PBXProject;
			attributes = {
				BuildIndependentTargetsInParallel = 1;
				LastSwiftUpdateCheck = 1530;
				LastUpgradeCheck = 1530;
				TargetAttributes = {
					09F766662BECB876003F7423 = {
						CreatedOnToolsVersion = 15.3;
					};
					09F766772BECB876003F7423 = {
						CreatedOnToolsVersion = 15.3;
						TestTargetID = 09F766662BECB876003F7423;
					};
					09F766812BECB876003F7423 = {
						CreatedOnToolsVersion = 15.3;
						TestTargetID = 09F766662BECB876003F7423;
					};
				};
			};
			buildConfigurationList = 09F766622BECB875003F7423 /* Build configuration list for PBXProject "MarkdownEditor" */;
			compatibilityVersion = "Xcode 14.0";
			developmentRegion = en;
			hasScannedForEncodings = 0;
			knownRegions = (
				en,
				Base,
			);
			mainGroup = 09F7665E2BECB875003F7423;
			packageReferences = (
				0906B6912C0DBE530020F9D7 /* XCRemoteSwiftPackageReference "swift-markdown-ui" */,
			);
			productRefGroup = 09F766682BECB876003F7423 /* Products */;
			projectDirPath = "";
			projectRoot = "";
			targets = (
				09F766662BECB876003F7423 /* MarkdownEditor */,
				09F766772BECB876003F7423 /* MarkdownEditorTests */,
				09F766812BECB876003F7423 /* MarkdownEditorUITests */,
			);
		};
/* End PBXProject section */

/* Begin PBXResourcesBuildPhase section */
		09F766652BECB876003F7423 /* Resources */ = {
			isa = PBXResourcesBuildPhase;
			buildActionMask = 2147483647;
			files = (
				09F766732BECB876003F7423 /* Preview Assets.xcassets in Resources */,
				09F7666F2BECB876003F7423 /* Assets.xcassets in Resources */,
			);
			runOnlyForDeploymentPostprocessing = 0;
		};
		09F766762BECB876003F7423 /* Resources */ = {
			isa = PBXResourcesBuildPhase;
			buildActionMask = 2147483647;
			files = (
			);
			runOnlyForDeploymentPostprocessing = 0;
		};
		09F766802BECB876003F7423 /* Resources */ = {
			isa = PBXResourcesBuildPhase;
			buildActionMask = 2147483647;
			files = (
			);
			runOnlyForDeploymentPostprocessing = 0;
		};
/* End PBXResourcesBuildPhase section */

/* Begin PBXSourcesBuildPhase section */
		09F766632BECB876003F7423 /* Sources */ = {
			isa = PBXSourcesBuildPhase;
			buildActionMask = 2147483647;
			files = (
				0999C5F42BEF44D300766F22 /* ReadMeDocument.swift in Sources */,
				09F7666D2BECB876003F7423 /* ContentView.swift in Sources */,
				09654F612BEE1AB400FCBB05 /* FileViewModel.swift in Sources */,
				09F7666B2BECB876003F7423 /* MarkdownEditorApp.swift in Sources */,
				091D7A372C0D9268008E44E9 /* ShowType.swift in Sources */,
			);
			runOnlyForDeploymentPostprocessing = 0;
		};
		09F766742BECB876003F7423 /* Sources */ = {
			isa = PBXSourcesBuildPhase;
			buildActionMask = 2147483647;
			files = (
				09F7667D2BECB876003F7423 /* MarkdownEditorTests.swift in Sources */,
			);
			runOnlyForDeploymentPostprocessing = 0;
		};
		09F7667E2BECB876003F7423 /* Sources */ = {
			isa = PBXSourcesBuildPhase;
			buildActionMask = 2147483647;
			files = (
				09F766892BECB876003F7423 /* MarkdownEditorUITestsLaunchTests.swift in Sources */,
				09F766872BECB876003F7423 /* MarkdownEditorUITests.swift in Sources */,
			);
			runOnlyForDeploymentPostprocessing = 0;
		};
/* End PBXSourcesBuildPhase section */

/* Begin PBXTargetDependency section */
		09F7667A2BECB876003F7423 /* PBXTargetDependency */ = {
			isa = PBXTargetDependency;
			target = 09F766662BECB876003F7423 /* MarkdownEditor */;
			targetProxy = 09F766792BECB876003F7423 /* PBXContainerItemProxy */;
		};
		09F766842BECB876003F7423 /* PBXTargetDependency */ = {
			isa = PBXTargetDependency;
			target = 09F766662BECB876003F7423 /* MarkdownEditor */;
			targetProxy = 09F766832BECB876003F7423 /* PBXContainerItemProxy */;
		};
/* End PBXTargetDependency section */

/* Begin XCBuildConfiguration section */
		09F7668A2BECB876003F7423 /* Debug */ = {
			isa = XCBuildConfiguration;
			buildSettings = {
				ALWAYS_SEARCH_USER_PATHS = NO;
				ASSETCATALOG_COMPILER_GENERATE_SWIFT_ASSET_SYMBOL_EXTENSIONS = YES;
				CLANG_ANALYZER_NONNULL = YES;
				CLANG_ANALYZER_NUMBER_OBJECT_CONVERSION = YES_AGGRESSIVE;
				CLANG_CXX_LANGUAGE_STANDARD = "gnu++20";
				CLANG_ENABLE_MODULES = YES;
				CLANG_ENABLE_OBJC_ARC = YES;
				CLANG_ENABLE_OBJC_WEAK = YES;
				CLANG_WARN_BLOCK_CAPTURE_AUTORELEASING = YES;
				CLANG_WARN_BOOL_CONVERSION = YES;
				CLANG_WARN_COMMA = YES;
				CLANG_WARN_CONSTANT_CONVERSION = YES;
				CLANG_WARN_DEPRECATED_OBJC_IMPLEMENTATIONS = YES;
				CLANG_WARN_DIRECT_OBJC_ISA_USAGE = YES_ERROR;
				CLANG_WARN_DOCUMENTATION_COMMENTS = YES;
				CLANG_WARN_EMPTY_BODY = YES;
				CLANG_WARN_ENUM_CONVERSION = YES;
				CLANG_WARN_INFINITE_RECURSION = YES;
				CLANG_WARN_INT_CONVERSION = YES;
				CLANG_WARN_NON_LITERAL_NULL_CONVERSION = YES;
				CLANG_WARN_OBJC_IMPLICIT_RETAIN_SELF = YES;
				CLANG_WARN_OBJC_LITERAL_CONVERSION = YES;
				CLANG_WARN_OBJC_ROOT_CLASS = YES_ERROR;
				CLANG_WARN_QUOTED_INCLUDE_IN_FRAMEWORK_HEADER = YES;
				CLANG_WARN_RANGE_LOOP_ANALYSIS = YES;
				CLANG_WARN_STRICT_PROTOTYPES = YES;
				CLANG_WARN_SUSPICIOUS_MOVE = YES;
				CLANG_WARN_UNGUARDED_AVAILABILITY = YES_AGGRESSIVE;
				CLANG_WARN_UNREACHABLE_CODE = YES;
				CLANG_WARN__DUPLICATE_METHOD_MATCH = YES;
				COPY_PHASE_STRIP = NO;
				DEBUG_INFORMATION_FORMAT = dwarf;
				ENABLE_STRICT_OBJC_MSGSEND = YES;
				ENABLE_TESTABILITY = YES;
				ENABLE_USER_SCRIPT_SANDBOXING = YES;
				GCC_C_LANGUAGE_STANDARD = gnu17;
				GCC_DYNAMIC_NO_PIC = NO;
				GCC_NO_COMMON_BLOCKS = YES;
				GCC_OPTIMIZATION_LEVEL = 0;
				GCC_PREPROCESSOR_DEFINITIONS = (
					"DEBUG=1",
					"$(inherited)",
				);
				GCC_WARN_64_TO_32_BIT_CONVERSION = YES;
				GCC_WARN_ABOUT_RETURN_TYPE = YES_ERROR;
				GCC_WARN_UNDECLARED_SELECTOR = YES;
				GCC_WARN_UNINITIALIZED_AUTOS = YES_AGGRESSIVE;
				GCC_WARN_UNUSED_FUNCTION = YES;
				GCC_WARN_UNUSED_VARIABLE = YES;
				LOCALIZATION_PREFERS_STRING_CATALOGS = YES;
				MTL_ENABLE_DEBUG_INFO = INCLUDE_SOURCE;
				MTL_FAST_MATH = YES;
				ONLY_ACTIVE_ARCH = YES;
				SWIFT_ACTIVE_COMPILATION_CONDITIONS = "DEBUG $(inherited)";
				SWIFT_OPTIMIZATION_LEVEL = "-Onone";
			};
			name = Debug;
		};
		09F7668B2BECB876003F7423 /* Release */ = {
			isa = XCBuildConfiguration;
			buildSettings = {
				ALWAYS_SEARCH_USER_PATHS = NO;
				ASSETCATALOG_COMPILER_GENERATE_SWIFT_ASSET_SYMBOL_EXTENSIONS = YES;
				CLANG_ANALYZER_NONNULL = YES;
				CLANG_ANALYZER_NUMBER_OBJECT_CONVERSION = YES_AGGRESSIVE;
				CLANG_CXX_LANGUAGE_STANDARD = "gnu++20";
				CLANG_ENABLE_MODULES = YES;
				CLANG_ENABLE_OBJC_ARC = YES;
				CLANG_ENABLE_OBJC_WEAK = YES;
				CLANG_WARN_BLOCK_CAPTURE_AUTORELEASING = YES;
				CLANG_WARN_BOOL_CONVERSION = YES;
				CLANG_WARN_COMMA = YES;
				CLANG_WARN_CONSTANT_CONVERSION = YES;
				CLANG_WARN_DEPRECATED_OBJC_IMPLEMENTATIONS = YES;
				CLANG_WARN_DIRECT_OBJC_ISA_USAGE = YES_ERROR;
				CLANG_WARN_DOCUMENTATION_COMMENTS = YES;
				CLANG_WARN_EMPTY_BODY = YES;
				CLANG_WARN_ENUM_CONVERSION = YES;
				CLANG_WARN_INFINITE_RECURSION = YES;
				CLANG_WARN_INT_CONVERSION = YES;
				CLANG_WARN_NON_LITERAL_NULL_CONVERSION = YES;
				CLANG_WARN_OBJC_IMPLICIT_RETAIN_SELF = YES;
				CLANG_WARN_OBJC_LITERAL_CONVERSION = YES;
				CLANG_WARN_OBJC_ROOT_CLASS = YES_ERROR;
				CLANG_WARN_QUOTED_INCLUDE_IN_FRAMEWORK_HEADER = YES;
				CLANG_WARN_RANGE_LOOP_ANALYSIS = YES;
				CLANG_WARN_STRICT_PROTOTYPES = YES;
				CLANG_WARN_SUSPICIOUS_MOVE = YES;
				CLANG_WARN_UNGUARDED_AVAILABILITY = YES_AGGRESSIVE;
				CLANG_WARN_UNREACHABLE_CODE = YES;
				CLANG_WARN__DUPLICATE_METHOD_MATCH = YES;
				COPY_PHASE_STRIP = NO;
				DEBUG_INFORMATION_FORMAT = "dwarf-with-dsym";
				ENABLE_NS_ASSERTIONS = NO;
				ENABLE_STRICT_OBJC_MSGSEND = YES;
				ENABLE_USER_SCRIPT_SANDBOXING = YES;
				GCC_C_LANGUAGE_STANDARD = gnu17;
				GCC_NO_COMMON_BLOCKS = YES;
				GCC_WARN_64_TO_32_BIT_CONVERSION = YES;
				GCC_WARN_ABOUT_RETURN_TYPE = YES_ERROR;
				GCC_WARN_UNDECLARED_SELECTOR = YES;
				GCC_WARN_UNINITIALIZED_AUTOS = YES_AGGRESSIVE;
				GCC_WARN_UNUSED_FUNCTION = YES;
				GCC_WARN_UNUSED_VARIABLE = YES;
				LOCALIZATION_PREFERS_STRING_CATALOGS = YES;
				MTL_ENABLE_DEBUG_INFO = NO;
				MTL_FAST_MATH = YES;
				SWIFT_COMPILATION_MODE = wholemodule;
			};
			name = Release;
		};
		09F7668D2BECB876003F7423 /* Debug */ = {
			isa = XCBuildConfiguration;
			buildSettings = {
				ASSETCATALOG_COMPILER_APPICON_NAME = AppIcon;
				ASSETCATALOG_COMPILER_GLOBAL_ACCENT_COLOR_NAME = AccentColor;
				CODE_SIGN_ENTITLEMENTS = MarkdownEditor/MarkdownEditor.entitlements;
				CODE_SIGN_STYLE = Automatic;
				CURRENT_PROJECT_VERSION = 1;
				DEVELOPMENT_ASSET_PATHS = "\"MarkdownEditor/Preview Content\"";
				DEVELOPMENT_TEAM = R3VHXN24RU;
				ENABLE_HARDENED_RUNTIME = YES;
				ENABLE_PREVIEWS = YES;
				GENERATE_INFOPLIST_FILE = YES;
				"INFOPLIST_KEY_UIApplicationSceneManifest_Generation[sdk=iphoneos*]" = YES;
				"INFOPLIST_KEY_UIApplicationSceneManifest_Generation[sdk=iphonesimulator*]" = YES;
				"INFOPLIST_KEY_UIApplicationSupportsIndirectInputEvents[sdk=iphoneos*]" = YES;
				"INFOPLIST_KEY_UIApplicationSupportsIndirectInputEvents[sdk=iphonesimulator*]" = YES;
				"INFOPLIST_KEY_UILaunchScreen_Generation[sdk=iphoneos*]" = YES;
				"INFOPLIST_KEY_UILaunchScreen_Generation[sdk=iphonesimulator*]" = YES;
				"INFOPLIST_KEY_UIStatusBarStyle[sdk=iphoneos*]" = UIStatusBarStyleDefault;
				"INFOPLIST_KEY_UIStatusBarStyle[sdk=iphonesimulator*]" = UIStatusBarStyleDefault;
				INFOPLIST_KEY_UISupportedInterfaceOrientations_iPad = "UIInterfaceOrientationPortrait UIInterfaceOrientationPortraitUpsideDown UIInterfaceOrientationLandscapeLeft UIInterfaceOrientationLandscapeRight";
				INFOPLIST_KEY_UISupportedInterfaceOrientations_iPhone = "UIInterfaceOrientationPortrait UIInterfaceOrientationLandscapeLeft UIInterfaceOrientationLandscapeRight";
				IPHONEOS_DEPLOYMENT_TARGET = 17.4;
				LD_RUNPATH_SEARCH_PATHS = "@executable_path/Frameworks";
				"LD_RUNPATH_SEARCH_PATHS[sdk=macosx*]" = "@executable_path/../Frameworks";
				MACOSX_DEPLOYMENT_TARGET = 14.4;
				MARKETING_VERSION = 1.0;
				PRODUCT_BUNDLE_IDENTIFIER = com.tistory.chokotingchock.MarkdownEditor;
				PRODUCT_NAME = "$(TARGET_NAME)";
				SDKROOT = auto;
				SUPPORTED_PLATFORMS = "iphoneos iphonesimulator macosx";
				SUPPORTS_MACCATALYST = NO;
				SWIFT_EMIT_LOC_STRINGS = YES;
				SWIFT_VERSION = 5.0;
				TARGETED_DEVICE_FAMILY = 2;
			};
			name = Debug;
		};
		09F7668E2BECB876003F7423 /* Release */ = {
			isa = XCBuildConfiguration;
			buildSettings = {
				ASSETCATALOG_COMPILER_APPICON_NAME = AppIcon;
				ASSETCATALOG_COMPILER_GLOBAL_ACCENT_COLOR_NAME = AccentColor;
				CODE_SIGN_ENTITLEMENTS = MarkdownEditor/MarkdownEditor.entitlements;
				CODE_SIGN_STYLE = Automatic;
				CURRENT_PROJECT_VERSION = 1;
				DEVELOPMENT_ASSET_PATHS = "\"MarkdownEditor/Preview Content\"";
				DEVELOPMENT_TEAM = R3VHXN24RU;
				ENABLE_HARDENED_RUNTIME = YES;
				ENABLE_PREVIEWS = YES;
				GENERATE_INFOPLIST_FILE = YES;
				"INFOPLIST_KEY_UIApplicationSceneManifest_Generation[sdk=iphoneos*]" = YES;
				"INFOPLIST_KEY_UIApplicationSceneManifest_Generation[sdk=iphonesimulator*]" = YES;
				"INFOPLIST_KEY_UIApplicationSupportsIndirectInputEvents[sdk=iphoneos*]" = YES;
				"INFOPLIST_KEY_UIApplicationSupportsIndirectInputEvents[sdk=iphonesimulator*]" = YES;
				"INFOPLIST_KEY_UILaunchScreen_Generation[sdk=iphoneos*]" = YES;
				"INFOPLIST_KEY_UILaunchScreen_Generation[sdk=iphonesimulator*]" = YES;
				"INFOPLIST_KEY_UIStatusBarStyle[sdk=iphoneos*]" = UIStatusBarStyleDefault;
				"INFOPLIST_KEY_UIStatusBarStyle[sdk=iphonesimulator*]" = UIStatusBarStyleDefault;
				INFOPLIST_KEY_UISupportedInterfaceOrientations_iPad = "UIInterfaceOrientationPortrait UIInterfaceOrientationPortraitUpsideDown UIInterfaceOrientationLandscapeLeft UIInterfaceOrientationLandscapeRight";
				INFOPLIST_KEY_UISupportedInterfaceOrientations_iPhone = "UIInterfaceOrientationPortrait UIInterfaceOrientationLandscapeLeft UIInterfaceOrientationLandscapeRight";
				IPHONEOS_DEPLOYMENT_TARGET = 17.4;
				LD_RUNPATH_SEARCH_PATHS = "@executable_path/Frameworks";
				"LD_RUNPATH_SEARCH_PATHS[sdk=macosx*]" = "@executable_path/../Frameworks";
				MACOSX_DEPLOYMENT_TARGET = 14.4;
				MARKETING_VERSION = 1.0;
				PRODUCT_BUNDLE_IDENTIFIER = com.tistory.chokotingchock.MarkdownEditor;
				PRODUCT_NAME = "$(TARGET_NAME)";
				SDKROOT = auto;
				SUPPORTED_PLATFORMS = "iphoneos iphonesimulator macosx";
				SUPPORTS_MACCATALYST = NO;
				SWIFT_EMIT_LOC_STRINGS = YES;
				SWIFT_VERSION = 5.0;
				TARGETED_DEVICE_FAMILY = 2;
			};
			name = Release;
		};
		09F766902BECB876003F7423 /* Debug */ = {
			isa = XCBuildConfiguration;
			buildSettings = {
				ALWAYS_EMBED_SWIFT_STANDARD_LIBRARIES = YES;
				BUNDLE_LOADER = "$(TEST_HOST)";
				CODE_SIGN_STYLE = Automatic;
				CURRENT_PROJECT_VERSION = 1;
				DEVELOPMENT_TEAM = R3VHXN24RU;
				GENERATE_INFOPLIST_FILE = YES;
				IPHONEOS_DEPLOYMENT_TARGET = 17.4;
				MACOSX_DEPLOYMENT_TARGET = 14.4;
				MARKETING_VERSION = 1.0;
				PRODUCT_BUNDLE_IDENTIFIER = com.tistory.chokotingchock.MarkdownEditorTests;
				PRODUCT_NAME = "$(TARGET_NAME)";
				SDKROOT = auto;
				SUPPORTED_PLATFORMS = "iphoneos iphonesimulator macosx";
				SWIFT_EMIT_LOC_STRINGS = NO;
				SWIFT_VERSION = 5.0;
				TARGETED_DEVICE_FAMILY = "1,2";
				TEST_HOST = "$(BUILT_PRODUCTS_DIR)/MarkdownEditor.app/$(BUNDLE_EXECUTABLE_FOLDER_PATH)/MarkdownEditor";
			};
			name = Debug;
		};
		09F766912BECB876003F7423 /* Release */ = {
			isa = XCBuildConfiguration;
			buildSettings = {
				ALWAYS_EMBED_SWIFT_STANDARD_LIBRARIES = YES;
				BUNDLE_LOADER = "$(TEST_HOST)";
				CODE_SIGN_STYLE = Automatic;
				CURRENT_PROJECT_VERSION = 1;
				DEVELOPMENT_TEAM = R3VHXN24RU;
				GENERATE_INFOPLIST_FILE = YES;
				IPHONEOS_DEPLOYMENT_TARGET = 17.4;
				MACOSX_DEPLOYMENT_TARGET = 14.4;
				MARKETING_VERSION = 1.0;
				PRODUCT_BUNDLE_IDENTIFIER = com.tistory.chokotingchock.MarkdownEditorTests;
				PRODUCT_NAME = "$(TARGET_NAME)";
				SDKROOT = auto;
				SUPPORTED_PLATFORMS = "iphoneos iphonesimulator macosx";
				SWIFT_EMIT_LOC_STRINGS = NO;
				SWIFT_VERSION = 5.0;
				TARGETED_DEVICE_FAMILY = "1,2";
				TEST_HOST = "$(BUILT_PRODUCTS_DIR)/MarkdownEditor.app/$(BUNDLE_EXECUTABLE_FOLDER_PATH)/MarkdownEditor";
			};
			name = Release;
		};
		09F766932BECB876003F7423 /* Debug */ = {
			isa = XCBuildConfiguration;
			buildSettings = {
				ALWAYS_EMBED_SWIFT_STANDARD_LIBRARIES = YES;
				CODE_SIGN_STYLE = Automatic;
				CURRENT_PROJECT_VERSION = 1;
				DEVELOPMENT_TEAM = R3VHXN24RU;
				GENERATE_INFOPLIST_FILE = YES;
				IPHONEOS_DEPLOYMENT_TARGET = 17.4;
				MACOSX_DEPLOYMENT_TARGET = 14.4;
				MARKETING_VERSION = 1.0;
				PRODUCT_BUNDLE_IDENTIFIER = com.tistory.chokotingchock.MarkdownEditorUITests;
				PRODUCT_NAME = "$(TARGET_NAME)";
				SDKROOT = auto;
				SUPPORTED_PLATFORMS = "iphoneos iphonesimulator macosx";
				SWIFT_EMIT_LOC_STRINGS = NO;
				SWIFT_VERSION = 5.0;
				TARGETED_DEVICE_FAMILY = "1,2";
				TEST_TARGET_NAME = MarkdownEditor;
			};
			name = Debug;
		};
		09F766942BECB876003F7423 /* Release */ = {
			isa = XCBuildConfiguration;
			buildSettings = {
				ALWAYS_EMBED_SWIFT_STANDARD_LIBRARIES = YES;
				CODE_SIGN_STYLE = Automatic;
				CURRENT_PROJECT_VERSION = 1;
				DEVELOPMENT_TEAM = R3VHXN24RU;
				GENERATE_INFOPLIST_FILE = YES;
				IPHONEOS_DEPLOYMENT_TARGET = 17.4;
				MACOSX_DEPLOYMENT_TARGET = 14.4;
				MARKETING_VERSION = 1.0;
				PRODUCT_BUNDLE_IDENTIFIER = com.tistory.chokotingchock.MarkdownEditorUITests;
				PRODUCT_NAME = "$(TARGET_NAME)";
				SDKROOT = auto;
				SUPPORTED_PLATFORMS = "iphoneos iphonesimulator macosx";
				SWIFT_EMIT_LOC_STRINGS = NO;
				SWIFT_VERSION = 5.0;
				TARGETED_DEVICE_FAMILY = "1,2";
				TEST_TARGET_NAME = MarkdownEditor;
			};
			name = Release;
		};
/* End XCBuildConfiguration section */

/* Begin XCConfigurationList section */
		09F766622BECB875003F7423 /* Build configuration list for PBXProject "MarkdownEditor" */ = {
			isa = XCConfigurationList;
			buildConfigurations = (
				09F7668A2BECB876003F7423 /* Debug */,
				09F7668B2BECB876003F7423 /* Release */,
			);
			defaultConfigurationIsVisible = 0;
			defaultConfigurationName = Release;
		};
		09F7668C2BECB876003F7423 /* Build configuration list for PBXNativeTarget "MarkdownEditor" */ = {
			isa = XCConfigurationList;
			buildConfigurations = (
				09F7668D2BECB876003F7423 /* Debug */,
				09F7668E2BECB876003F7423 /* Release */,
			);
			defaultConfigurationIsVisible = 0;
			defaultConfigurationName = Release;
		};
		09F7668F2BECB876003F7423 /* Build configuration list for PBXNativeTarget "MarkdownEditorTests" */ = {
			isa = XCConfigurationList;
			buildConfigurations = (
				09F766902BECB876003F7423 /* Debug */,
				09F766912BECB876003F7423 /* Release */,
			);
			defaultConfigurationIsVisible = 0;
			defaultConfigurationName = Release;
		};
		09F766922BECB876003F7423 /* Build configuration list for PBXNativeTarget "MarkdownEditorUITests" */ = {
			isa = XCConfigurationList;
			buildConfigurations = (
				09F766932BECB876003F7423 /* Debug */,
				09F766942BECB876003F7423 /* Release */,
			);
			defaultConfigurationIsVisible = 0;
			defaultConfigurationName = Release;
		};
/* End XCConfigurationList section */

/* Begin XCRemoteSwiftPackageReference section */
		0906B6912C0DBE530020F9D7 /* XCRemoteSwiftPackageReference "swift-markdown-ui" */ = {
			isa = XCRemoteSwiftPackageReference;
			repositoryURL = "https://github.com/gonzalezreal/swift-markdown-ui.git";
			requirement = {
				kind = upToNextMajorVersion;
				minimumVersion = 2.3.0;
			};
		};
/* End XCRemoteSwiftPackageReference section */

/* Begin XCSwiftPackageProductDependency section */
		0906B6922C0DBE530020F9D7 /* MarkdownUI */ = {
			isa = XCSwiftPackageProductDependency;
			package = 0906B6912C0DBE530020F9D7 /* XCRemoteSwiftPackageReference "swift-markdown-ui" */;
			productName = MarkdownUI;
		};
/* End XCSwiftPackageProductDependency section */
	};
	rootObject = 09F7665F2BECB875003F7423 /* Project object */;
}
